
Microsoft Visual Studio Solution File, Format Version 12.00
# Visual Studio Version 16
VisualStudioVersion = 16.0.30225.117
MinimumVisualStudioVersion = 10.0.40219.1
Project("{FAE04EC0-301F-11D3-BF4B-00C04F79EFBC}") = "vytah", "vytah\vytah.csproj", "{939B819B-E6DF-4629-90E3-0945478B8295}"
EndProject
Global
	GlobalSection(SolutionConfigurationPlatforms) = preSolution
		Debug|Any CPU = Debug|Any CPU
		Release|Any CPU = Release|Any CPU
	EndGlobalSection
	GlobalSection(ProjectConfigurationPlatforms) = postSolution
		{939B819B-E6DF-4629-90E3-0945478B8295}.Debug|Any CPU.ActiveCfg = Debug|Any CPU
		{939B819B-E6DF-4629-90E3-0945478B8295}.Debug|Any CPU.Build.0 = Debug|Any CPU
		{939B819B-E6DF-4629-90E3-0945478B8295}.Release|Any CPU.ActiveCfg = Release|Any CPU
		{939B819B-E6DF-4629-90E3-0945478B8295}.Release|Any CPU.Build.0 = Release|Any CPU
	EndGlobalSection
	GlobalSection(SolutionProperties) = preSolution
		HideSolutionNode = FALSE
	EndGlobalSection
	GlobalSection(ExtensibilityGlobals) = postSolution
		SolutionGuid = {054DF38A-B42B-41F5-95B0-BE76F0B577B7}
	EndGlobalSection
EndGlobal
